
Microsoft Visual Studio Solution File, Format Version 12.00
# Visual Studio Version 17
VisualStudioVersion = 17.10.34928.147
MinimumVisualStudioVersion = 10.0.40219.1
Project("{FAE04EC0-301F-11D3-BF4B-00C04F79EFBC}") = "GoonED", "GoonED.csproj", "{59682CBD-C82A-4013-B33D-74D6EB6BAF9C}"
EndProject
Global
	GlobalSection(SolutionConfigurationPlatforms) = preSolution
		Debug|Any CPU = Debug|Any CPU
		Release|Any CPU = Release|Any CPU
	EndGlobalSection
	GlobalSection(ProjectConfigurationPlatforms) = postSolution
		{59682CBD-C82A-4013-B33D-74D6EB6BAF9C}.Debug|Any CPU.ActiveCfg = Debug|Any CPU
		{59682CBD-C82A-4013-B33D-74D6EB6BAF9C}.Debug|Any CPU.Build.0 = Debug|Any CPU
		{59682CBD-C82A-4013-B33D-74D6EB6BAF9C}.Release|Any CPU.ActiveCfg = Release|Any CPU
		{59682CBD-C82A-4013-B33D-74D6EB6BAF9C}.Release|Any CPU.Build.0 = Release|Any CPU
	EndGlobalSection
	GlobalSection(SolutionProperties) = preSolution
		HideSolutionNode = FALSE
	EndGlobalSection
	GlobalSection(ExtensibilityGlobals) = postSolution
		SolutionGuid = {86C92CB1-4C4F-403A-B6FB-D3792D308DB2}
	EndGlobalSection
EndGlobal
